
Microsoft Visual Studio Solution File, Format Version 12.00
# Visual Studio Version 16
VisualStudioVersion = 16.0.29102.190
MinimumVisualStudioVersion = 10.0.40219.1
Project("{D954291E-2A0B-460D-934E-DC6B0785DB48}") = "AppDebugUno.Shared", "AppDebugUno\AppDebugUno.Shared\AppDebugUno.Shared.shproj", "{6279C845-92F8-4333-AB99-3D213163593C}"
EndProject
Project("{FAE04EC0-301F-11D3-BF4B-00C04F79EFBC}") = "AppDebugUno.Droid", "AppDebugUno\AppDebugUno.Droid\AppDebugUno.Droid.csproj", "{47E6A8EA-60F0-4D0D-A2E7-A6B9A444EFD0}"
EndProject
Project("{FAE04EC0-301F-11D3-BF4B-00C04F79EFBC}") = "AppDebugUno.iOS", "AppDebugUno\AppDebugUno.iOS\AppDebugUno.iOS.csproj", "{B57A010C-8162-4DB6-8CF0-207AC71EE37B}"
EndProject
Project("{FAE04EC0-301F-11D3-BF4B-00C04F79EFBC}") = "AppDebugUno.UWP", "AppDebugUno\AppDebugUno.UWP\AppDebugUno.UWP.csproj", "{6C0079E3-3EB1-4579-938D-8FB068177B8A}"
EndProject
Project("{9A19103F-16F7-4668-BE54-9A1E7A4F7556}") = "AppDebugUno.Wasm", "AppDebugUno\AppDebugUno.Wasm\AppDebugUno.Wasm.csproj", "{4137B67E-910B-43BE-AFAF-24D1C4A81DD6}"
EndProject
Project("{FAE04EC0-301F-11D3-BF4B-00C04F79EFBC}") = "background", "background\background.csproj", "{CC6BEC40-6418-4913-AEE7-09432A3A8E44}"
EndProject
Global
	GlobalSection(SharedMSBuildProjectFiles) = preSolution
		AppDebugUno\AppDebugUno.Shared\AppDebugUno.Shared.projitems*{4137b67e-910b-43be-afaf-24d1c4a81dd6}*SharedItemsImports = 5
		AppDebugUno\AppDebugUno.Shared\AppDebugUno.Shared.projitems*{47e6a8ea-60f0-4d0d-a2e7-a6b9a444efd0}*SharedItemsImports = 4
		AppDebugUno\AppDebugUno.Shared\AppDebugUno.Shared.projitems*{6279c845-92f8-4333-ab99-3d213163593c}*SharedItemsImports = 13
		AppDebugUno\AppDebugUno.Shared\AppDebugUno.Shared.projitems*{6c0079e3-3eb1-4579-938d-8fb068177b8a}*SharedItemsImports = 4
		AppDebugUno\AppDebugUno.Shared\AppDebugUno.Shared.projitems*{b57a010c-8162-4db6-8cf0-207ac71ee37b}*SharedItemsImports = 4
	EndGlobalSection
	GlobalSection(SolutionConfigurationPlatforms) = preSolution
		Ad-Hoc|Any CPU = Ad-Hoc|Any CPU
		Ad-Hoc|ARM = Ad-Hoc|ARM
		Ad-Hoc|ARM64 = Ad-Hoc|ARM64
		Ad-Hoc|iPhone = Ad-Hoc|iPhone
		Ad-Hoc|iPhoneSimulator = Ad-Hoc|iPhoneSimulator
		Ad-Hoc|x64 = Ad-Hoc|x64
		Ad-Hoc|x86 = Ad-Hoc|x86
		AppStore|Any CPU = AppStore|Any CPU
		AppStore|ARM = AppStore|ARM
		AppStore|ARM64 = AppStore|ARM64
		AppStore|iPhone = AppStore|iPhone
		AppStore|iPhoneSimulator = AppStore|iPhoneSimulator
		AppStore|x64 = AppStore|x64
		AppStore|x86 = AppStore|x86
		Debug|Any CPU = Debug|Any CPU
		Debug|ARM = Debug|ARM
		Debug|ARM64 = Debug|ARM64
		Debug|iPhone = Debug|iPhone
		Debug|iPhoneSimulator = Debug|iPhoneSimulator
		Debug|x64 = Debug|x64
		Debug|x86 = Debug|x86
		Release|Any CPU = Release|Any CPU
		Release|ARM = Release|ARM
		Release|ARM64 = Release|ARM64
		Release|iPhone = Release|iPhone
		Release|iPhoneSimulator = Release|iPhoneSimulator
		Release|x64 = Release|x64
		Release|x86 = Release|x86
	EndGlobalSection
	GlobalSection(ProjectConfigurationPlatforms) = postSolution
		{47E6A8EA-60F0-4D0D-A2E7-A6B9A444EFD0}.Ad-Hoc|Any CPU.ActiveCfg = Release|Any CPU
		{47E6A8EA-60F0-4D0D-A2E7-A6B9A444EFD0}.Ad-Hoc|Any CPU.Build.0 = Release|Any CPU
		{47E6A8EA-60F0-4D0D-A2E7-A6B9A444EFD0}.Ad-Hoc|Any CPU.Deploy.0 = Release|Any CPU
		{47E6A8EA-60F0-4D0D-A2E7-A6B9A444EFD0}.Ad-Hoc|ARM.ActiveCfg = Release|Any CPU
		{47E6A8EA-60F0-4D0D-A2E7-A6B9A444EFD0}.Ad-Hoc|ARM.Build.0 = Release|Any CPU
		{47E6A8EA-60F0-4D0D-A2E7-A6B9A444EFD0}.Ad-Hoc|ARM.Deploy.0 = Release|Any CPU
		{47E6A8EA-60F0-4D0D-A2E7-A6B9A444EFD0}.Ad-Hoc|ARM64.ActiveCfg = Debug|Any CPU
		{47E6A8EA-60F0-4D0D-A2E7-A6B9A444EFD0}.Ad-Hoc|ARM64.Build.0 = Debug|Any CPU
		{47E6A8EA-60F0-4D0D-A2E7-A6B9A444EFD0}.Ad-Hoc|ARM64.Deploy.0 = Debug|Any CPU
		{47E6A8EA-60F0-4D0D-A2E7-A6B9A444EFD0}.Ad-Hoc|iPhone.ActiveCfg = Release|Any CPU
		{47E6A8EA-60F0-4D0D-A2E7-A6B9A444EFD0}.Ad-Hoc|iPhone.Build.0 = Release|Any CPU
		{47E6A8EA-60F0-4D0D-A2E7-A6B9A444EFD0}.Ad-Hoc|iPhone.Deploy.0 = Release|Any CPU
		{47E6A8EA-60F0-4D0D-A2E7-A6B9A444EFD0}.Ad-Hoc|iPhoneSimulator.ActiveCfg = Release|Any CPU
		{47E6A8EA-60F0-4D0D-A2E7-A6B9A444EFD0}.Ad-Hoc|iPhoneSimulator.Build.0 = Release|Any CPU
		{47E6A8EA-60F0-4D0D-A2E7-A6B9A444EFD0}.Ad-Hoc|iPhoneSimulator.Deploy.0 = Release|Any CPU
		{47E6A8EA-60F0-4D0D-A2E7-A6B9A444EFD0}.Ad-Hoc|x64.ActiveCfg = Release|Any CPU
		{47E6A8EA-60F0-4D0D-A2E7-A6B9A444EFD0}.Ad-Hoc|x64.Build.0 = Release|Any CPU
		{47E6A8EA-60F0-4D0D-A2E7-A6B9A444EFD0}.Ad-Hoc|x64.Deploy.0 = Release|Any CPU
		{47E6A8EA-60F0-4D0D-A2E7-A6B9A444EFD0}.Ad-Hoc|x86.ActiveCfg = Release|Any CPU
		{47E6A8EA-60F0-4D0D-A2E7-A6B9A444EFD0}.Ad-Hoc|x86.Build.0 = Release|Any CPU
		{47E6A8EA-60F0-4D0D-A2E7-A6B9A444EFD0}.Ad-Hoc|x86.Deploy.0 = Release|Any CPU
		{47E6A8EA-60F0-4D0D-A2E7-A6B9A444EFD0}.AppStore|Any CPU.ActiveCfg = Release|Any CPU
		{47E6A8EA-60F0-4D0D-A2E7-A6B9A444EFD0}.AppStore|Any CPU.Build.0 = Release|Any CPU
		{47E6A8EA-60F0-4D0D-A2E7-A6B9A444EFD0}.AppStore|Any CPU.Deploy.0 = Release|Any CPU
		{47E6A8EA-60F0-4D0D-A2E7-A6B9A444EFD0}.AppStore|ARM.ActiveCfg = Release|Any CPU
		{47E6A8EA-60F0-4D0D-A2E7-A6B9A444EFD0}.AppStore|ARM.Build.0 = Release|Any CPU
		{47E6A8EA-60F0-4D0D-A2E7-A6B9A444EFD0}.AppStore|ARM.Deploy.0 = Release|Any CPU
		{47E6A8EA-60F0-4D0D-A2E7-A6B9A444EFD0}.AppStore|ARM64.ActiveCfg = Debug|Any CPU
		{47E6A8EA-60F0-4D0D-A2E7-A6B9A444EFD0}.AppStore|ARM64.Build.0 = Debug|Any CPU
		{47E6A8EA-60F0-4D0D-A2E7-A6B9A444EFD0}.AppStore|ARM64.Deploy.0 = Debug|Any CPU
		{47E6A8EA-60F0-4D0D-A2E7-A6B9A444EFD0}.AppStore|iPhone.ActiveCfg = Release|Any CPU
		{47E6A8EA-60F0-4D0D-A2E7-A6B9A444EFD0}.AppStore|iPhone.Build.0 = Release|Any CPU
		{47E6A8EA-60F0-4D0D-A2E7-A6B9A444EFD0}.AppStore|iPhone.Deploy.0 = Release|Any CPU
		{47E6A8EA-60F0-4D0D-A2E7-A6B9A444EFD0}.AppStore|iPhoneSimulator.ActiveCfg = Release|Any CPU
		{47E6A8EA-60F0-4D0D-A2E7-A6B9A444EFD0}.AppStore|iPhoneSimulator.Build.0 = Release|Any CPU
		{47E6A8EA-60F0-4D0D-A2E7-A6B9A444EFD0}.AppStore|iPhoneSimulator.Deploy.0 = Release|Any CPU
		{47E6A8EA-60F0-4D0D-A2E7-A6B9A444EFD0}.AppStore|x64.ActiveCfg = Release|Any CPU
		{47E6A8EA-60F0-4D0D-A2E7-A6B9A444EFD0}.AppStore|x64.Build.0 = Release|Any CPU
		{47E6A8EA-60F0-4D0D-A2E7-A6B9A444EFD0}.AppStore|x64.Deploy.0 = Release|Any CPU
		{47E6A8EA-60F0-4D0D-A2E7-A6B9A444EFD0}.AppStore|x86.ActiveCfg = Release|Any CPU
		{47E6A8EA-60F0-4D0D-A2E7-A6B9A444EFD0}.AppStore|x86.Build.0 = Release|Any CPU
		{47E6A8EA-60F0-4D0D-A2E7-A6B9A444EFD0}.AppStore|x86.Deploy.0 = Release|Any CPU
		{47E6A8EA-60F0-4D0D-A2E7-A6B9A444EFD0}.Debug|Any CPU.ActiveCfg = Debug|Any CPU
		{47E6A8EA-60F0-4D0D-A2E7-A6B9A444EFD0}.Debug|Any CPU.Build.0 = Debug|Any CPU
		{47E6A8EA-60F0-4D0D-A2E7-A6B9A444EFD0}.Debug|Any CPU.Deploy.0 = Debug|Any CPU
		{47E6A8EA-60F0-4D0D-A2E7-A6B9A444EFD0}.Debug|ARM.ActiveCfg = Debug|Any CPU
		{47E6A8EA-60F0-4D0D-A2E7-A6B9A444EFD0}.Debug|ARM.Build.0 = Debug|Any CPU
		{47E6A8EA-60F0-4D0D-A2E7-A6B9A444EFD0}.Debug|ARM.Deploy.0 = Debug|Any CPU
		{47E6A8EA-60F0-4D0D-A2E7-A6B9A444EFD0}.Debug|ARM64.ActiveCfg = Debug|Any CPU
		{47E6A8EA-60F0-4D0D-A2E7-A6B9A444EFD0}.Debug|ARM64.Build.0 = Debug|Any CPU
		{47E6A8EA-60F0-4D0D-A2E7-A6B9A444EFD0}.Debug|ARM64.Deploy.0 = Debug|Any CPU
		{47E6A8EA-60F0-4D0D-A2E7-A6B9A444EFD0}.Debug|iPhone.ActiveCfg = Debug|Any CPU
		{47E6A8EA-60F0-4D0D-A2E7-A6B9A444EFD0}.Debug|iPhone.Build.0 = Debug|Any CPU
		{47E6A8EA-60F0-4D0D-A2E7-A6B9A444EFD0}.Debug|iPhone.Deploy.0 = Debug|Any CPU
		{47E6A8EA-60F0-4D0D-A2E7-A6B9A444EFD0}.Debug|iPhoneSimulator.ActiveCfg = Debug|Any CPU
		{47E6A8EA-60F0-4D0D-A2E7-A6B9A444EFD0}.Debug|iPhoneSimulator.Build.0 = Debug|Any CPU
		{47E6A8EA-60F0-4D0D-A2E7-A6B9A444EFD0}.Debug|iPhoneSimulator.Deploy.0 = Debug|Any CPU
		{47E6A8EA-60F0-4D0D-A2E7-A6B9A444EFD0}.Debug|x64.ActiveCfg = Debug|Any CPU
		{47E6A8EA-60F0-4D0D-A2E7-A6B9A444EFD0}.Debug|x64.Build.0 = Debug|Any CPU
		{47E6A8EA-60F0-4D0D-A2E7-A6B9A444EFD0}.Debug|x64.Deploy.0 = Debug|Any CPU
		{47E6A8EA-60F0-4D0D-A2E7-A6B9A444EFD0}.Debug|x86.ActiveCfg = Debug|Any CPU
		{47E6A8EA-60F0-4D0D-A2E7-A6B9A444EFD0}.Debug|x86.Build.0 = Debug|Any CPU
		{47E6A8EA-60F0-4D0D-A2E7-A6B9A444EFD0}.Debug|x86.Deploy.0 = Debug|Any CPU
		{47E6A8EA-60F0-4D0D-A2E7-A6B9A444EFD0}.Release|Any CPU.ActiveCfg = Release|Any CPU
		{47E6A8EA-60F0-4D0D-A2E7-A6B9A444EFD0}.Release|Any CPU.Build.0 = Release|Any CPU
		{47E6A8EA-60F0-4D0D-A2E7-A6B9A444EFD0}.Release|Any CPU.Deploy.0 = Release|Any CPU
		{47E6A8EA-60F0-4D0D-A2E7-A6B9A444EFD0}.Release|ARM.ActiveCfg = Release|Any CPU
		{47E6A8EA-60F0-4D0D-A2E7-A6B9A444EFD0}.Release|ARM.Build.0 = Release|Any CPU
		{47E6A8EA-60F0-4D0D-A2E7-A6B9A444EFD0}.Release|ARM.Deploy.0 = Release|Any CPU
		{47E6A8EA-60F0-4D0D-A2E7-A6B9A444EFD0}.Release|ARM64.ActiveCfg = Release|Any CPU
		{47E6A8EA-60F0-4D0D-A2E7-A6B9A444EFD0}.Release|ARM64.Build.0 = Release|Any CPU
		{47E6A8EA-60F0-4D0D-A2E7-A6B9A444EFD0}.Release|ARM64.Deploy.0 = Release|Any CPU
		{47E6A8EA-60F0-4D0D-A2E7-A6B9A444EFD0}.Release|iPhone.ActiveCfg = Release|Any CPU
		{47E6A8EA-60F0-4D0D-A2E7-A6B9A444EFD0}.Release|iPhone.Build.0 = Release|Any CPU
		{47E6A8EA-60F0-4D0D-A2E7-A6B9A444EFD0}.Release|iPhone.Deploy.0 = Release|Any CPU
		{47E6A8EA-60F0-4D0D-A2E7-A6B9A444EFD0}.Release|iPhoneSimulator.ActiveCfg = Release|Any CPU
		{47E6A8EA-60F0-4D0D-A2E7-A6B9A444EFD0}.Release|iPhoneSimulator.Build.0 = Release|Any CPU
		{47E6A8EA-60F0-4D0D-A2E7-A6B9A444EFD0}.Release|iPhoneSimulator.Deploy.0 = Release|Any CPU
		{47E6A8EA-60F0-4D0D-A2E7-A6B9A444EFD0}.Release|x64.ActiveCfg = Release|Any CPU
		{47E6A8EA-60F0-4D0D-A2E7-A6B9A444EFD0}.Release|x64.Build.0 = Release|Any CPU
		{47E6A8EA-60F0-4D0D-A2E7-A6B9A444EFD0}.Release|x64.Deploy.0 = Release|Any CPU
		{47E6A8EA-60F0-4D0D-A2E7-A6B9A444EFD0}.Release|x86.ActiveCfg = Release|Any CPU
		{47E6A8EA-60F0-4D0D-A2E7-A6B9A444EFD0}.Release|x86.Build.0 = Release|Any CPU
		{47E6A8EA-60F0-4D0D-A2E7-A6B9A444EFD0}.Release|x86.Deploy.0 = Release|Any CPU
		{B57A010C-8162-4DB6-8CF0-207AC71EE37B}.Ad-Hoc|Any CPU.ActiveCfg = Ad-Hoc|iPhone
		{B57A010C-8162-4DB6-8CF0-207AC71EE37B}.Ad-Hoc|ARM.ActiveCfg = Ad-Hoc|iPhone
		{B57A010C-8162-4DB6-8CF0-207AC71EE37B}.Ad-Hoc|ARM64.ActiveCfg = Ad-Hoc|iPhoneSimulator
		{B57A010C-8162-4DB6-8CF0-207AC71EE37B}.Ad-Hoc|iPhone.ActiveCfg = Ad-Hoc|iPhone
		{B57A010C-8162-4DB6-8CF0-207AC71EE37B}.Ad-Hoc|iPhone.Build.0 = Ad-Hoc|iPhone
		{B57A010C-8162-4DB6-8CF0-207AC71EE37B}.Ad-Hoc|iPhoneSimulator.ActiveCfg = Ad-Hoc|iPhoneSimulator
		{B57A010C-8162-4DB6-8CF0-207AC71EE37B}.Ad-Hoc|iPhoneSimulator.Build.0 = Ad-Hoc|iPhoneSimulator
		{B57A010C-8162-4DB6-8CF0-207AC71EE37B}.Ad-Hoc|x64.ActiveCfg = Ad-Hoc|iPhone
		{B57A010C-8162-4DB6-8CF0-207AC71EE37B}.Ad-Hoc|x86.ActiveCfg = Ad-Hoc|iPhone
		{B57A010C-8162-4DB6-8CF0-207AC71EE37B}.AppStore|Any CPU.ActiveCfg = AppStore|iPhone
		{B57A010C-8162-4DB6-8CF0-207AC71EE37B}.AppStore|ARM.ActiveCfg = AppStore|iPhone
		{B57A010C-8162-4DB6-8CF0-207AC71EE37B}.AppStore|ARM64.ActiveCfg = AppStore|iPhoneSimulator
		{B57A010C-8162-4DB6-8CF0-207AC71EE37B}.AppStore|iPhone.ActiveCfg = AppStore|iPhone
		{B57A010C-8162-4DB6-8CF0-207AC71EE37B}.AppStore|iPhone.Build.0 = AppStore|iPhone
		{B57A010C-8162-4DB6-8CF0-207AC71EE37B}.AppStore|iPhoneSimulator.ActiveCfg = AppStore|iPhoneSimulator
		{B57A010C-8162-4DB6-8CF0-207AC71EE37B}.AppStore|iPhoneSimulator.Build.0 = AppStore|iPhoneSimulator
		{B57A010C-8162-4DB6-8CF0-207AC71EE37B}.AppStore|x64.ActiveCfg = AppStore|iPhone
		{B57A010C-8162-4DB6-8CF0-207AC71EE37B}.AppStore|x86.ActiveCfg = AppStore|iPhone
		{B57A010C-8162-4DB6-8CF0-207AC71EE37B}.Debug|Any CPU.ActiveCfg = Debug|iPhone
		{B57A010C-8162-4DB6-8CF0-207AC71EE37B}.Debug|ARM.ActiveCfg = Debug|iPhone
		{B57A010C-8162-4DB6-8CF0-207AC71EE37B}.Debug|ARM64.ActiveCfg = Debug|iPhoneSimulator
		{B57A010C-8162-4DB6-8CF0-207AC71EE37B}.Debug|iPhone.ActiveCfg = Debug|iPhone
		{B57A010C-8162-4DB6-8CF0-207AC71EE37B}.Debug|iPhone.Build.0 = Debug|iPhone
		{B57A010C-8162-4DB6-8CF0-207AC71EE37B}.Debug|iPhoneSimulator.ActiveCfg = Debug|iPhoneSimulator
		{B57A010C-8162-4DB6-8CF0-207AC71EE37B}.Debug|iPhoneSimulator.Build.0 = Debug|iPhoneSimulator
		{B57A010C-8162-4DB6-8CF0-207AC71EE37B}.Debug|x64.ActiveCfg = Debug|iPhone
		{B57A010C-8162-4DB6-8CF0-207AC71EE37B}.Debug|x86.ActiveCfg = Debug|iPhone
		{B57A010C-8162-4DB6-8CF0-207AC71EE37B}.Release|Any CPU.ActiveCfg = Release|iPhone
		{B57A010C-8162-4DB6-8CF0-207AC71EE37B}.Release|ARM.ActiveCfg = Release|iPhone
		{B57A010C-8162-4DB6-8CF0-207AC71EE37B}.Release|ARM64.ActiveCfg = Release|iPhoneSimulator
		{B57A010C-8162-4DB6-8CF0-207AC71EE37B}.Release|iPhone.ActiveCfg = Release|iPhone
		{B57A010C-8162-4DB6-8CF0-207AC71EE37B}.Release|iPhone.Build.0 = Release|iPhone
		{B57A010C-8162-4DB6-8CF0-207AC71EE37B}.Release|iPhoneSimulator.ActiveCfg = Release|iPhoneSimulator
		{B57A010C-8162-4DB6-8CF0-207AC71EE37B}.Release|iPhoneSimulator.Build.0 = Release|iPhoneSimulator
		{B57A010C-8162-4DB6-8CF0-207AC71EE37B}.Release|x64.ActiveCfg = Release|iPhone
		{B57A010C-8162-4DB6-8CF0-207AC71EE37B}.Release|x86.ActiveCfg = Release|iPhone
		{6C0079E3-3EB1-4579-938D-8FB068177B8A}.Ad-Hoc|Any CPU.ActiveCfg = Release|x64
		{6C0079E3-3EB1-4579-938D-8FB068177B8A}.Ad-Hoc|Any CPU.Build.0 = Release|x64
		{6C0079E3-3EB1-4579-938D-8FB068177B8A}.Ad-Hoc|Any CPU.Deploy.0 = Release|x64
		{6C0079E3-3EB1-4579-938D-8FB068177B8A}.Ad-Hoc|ARM.ActiveCfg = Release|ARM
		{6C0079E3-3EB1-4579-938D-8FB068177B8A}.Ad-Hoc|ARM.Build.0 = Release|ARM
		{6C0079E3-3EB1-4579-938D-8FB068177B8A}.Ad-Hoc|ARM.Deploy.0 = Release|ARM
		{6C0079E3-3EB1-4579-938D-8FB068177B8A}.Ad-Hoc|ARM64.ActiveCfg = Debug|x64
		{6C0079E3-3EB1-4579-938D-8FB068177B8A}.Ad-Hoc|ARM64.Build.0 = Debug|x64
		{6C0079E3-3EB1-4579-938D-8FB068177B8A}.Ad-Hoc|ARM64.Deploy.0 = Debug|x64
		{6C0079E3-3EB1-4579-938D-8FB068177B8A}.Ad-Hoc|iPhone.ActiveCfg = Release|x64
		{6C0079E3-3EB1-4579-938D-8FB068177B8A}.Ad-Hoc|iPhone.Build.0 = Release|x64
		{6C0079E3-3EB1-4579-938D-8FB068177B8A}.Ad-Hoc|iPhone.Deploy.0 = Release|x64
		{6C0079E3-3EB1-4579-938D-8FB068177B8A}.Ad-Hoc|iPhoneSimulator.ActiveCfg = Release|x64
		{6C0079E3-3EB1-4579-938D-8FB068177B8A}.Ad-Hoc|iPhoneSimulator.Build.0 = Release|x64
		{6C0079E3-3EB1-4579-938D-8FB068177B8A}.Ad-Hoc|iPhoneSimulator.Deploy.0 = Release|x64
		{6C0079E3-3EB1-4579-938D-8FB068177B8A}.Ad-Hoc|x64.ActiveCfg = Release|x64
		{6C0079E3-3EB1-4579-938D-8FB068177B8A}.Ad-Hoc|x64.Build.0 = Release|x64
		{6C0079E3-3EB1-4579-938D-8FB068177B8A}.Ad-Hoc|x64.Deploy.0 = Release|x64
		{6C0079E3-3EB1-4579-938D-8FB068177B8A}.Ad-Hoc|x86.ActiveCfg = Release|x86
		{6C0079E3-3EB1-4579-938D-8FB068177B8A}.Ad-Hoc|x86.Build.0 = Release|x86
		{6C0079E3-3EB1-4579-938D-8FB068177B8A}.Ad-Hoc|x86.Deploy.0 = Release|x86
		{6C0079E3-3EB1-4579-938D-8FB068177B8A}.AppStore|Any CPU.ActiveCfg = Release|x64
		{6C0079E3-3EB1-4579-938D-8FB068177B8A}.AppStore|Any CPU.Build.0 = Release|x64
		{6C0079E3-3EB1-4579-938D-8FB068177B8A}.AppStore|Any CPU.Deploy.0 = Release|x64
		{6C0079E3-3EB1-4579-938D-8FB068177B8A}.AppStore|ARM.ActiveCfg = Release|ARM
		{6C0079E3-3EB1-4579-938D-8FB068177B8A}.AppStore|ARM.Build.0 = Release|ARM
		{6C0079E3-3EB1-4579-938D-8FB068177B8A}.AppStore|ARM.Deploy.0 = Release|ARM
		{6C0079E3-3EB1-4579-938D-8FB068177B8A}.AppStore|ARM64.ActiveCfg = Debug|x64
		{6C0079E3-3EB1-4579-938D-8FB068177B8A}.AppStore|ARM64.Build.0 = Debug|x64
		{6C0079E3-3EB1-4579-938D-8FB068177B8A}.AppStore|ARM64.Deploy.0 = Debug|x64
		{6C0079E3-3EB1-4579-938D-8FB068177B8A}.AppStore|iPhone.ActiveCfg = Release|x64
		{6C0079E3-3EB1-4579-938D-8FB068177B8A}.AppStore|iPhone.Build.0 = Release|x64
		{6C0079E3-3EB1-4579-938D-8FB068177B8A}.AppStore|iPhone.Deploy.0 = Release|x64
		{6C0079E3-3EB1-4579-938D-8FB068177B8A}.AppStore|iPhoneSimulator.ActiveCfg = Release|x64
		{6C0079E3-3EB1-4579-938D-8FB068177B8A}.AppStore|iPhoneSimulator.Build.0 = Release|x64
		{6C0079E3-3EB1-4579-938D-8FB068177B8A}.AppStore|iPhoneSimulator.Deploy.0 = Release|x64
		{6C0079E3-3EB1-4579-938D-8FB068177B8A}.AppStore|x64.ActiveCfg = Release|x64
		{6C0079E3-3EB1-4579-938D-8FB068177B8A}.AppStore|x64.Build.0 = Release|x64
		{6C0079E3-3EB1-4579-938D-8FB068177B8A}.AppStore|x64.Deploy.0 = Release|x64
		{6C0079E3-3EB1-4579-938D-8FB068177B8A}.AppStore|x86.ActiveCfg = Release|x86
		{6C0079E3-3EB1-4579-938D-8FB068177B8A}.AppStore|x86.Build.0 = Release|x86
		{6C0079E3-3EB1-4579-938D-8FB068177B8A}.AppStore|x86.Deploy.0 = Release|x86
		{6C0079E3-3EB1-4579-938D-8FB068177B8A}.Debug|Any CPU.ActiveCfg = Debug|x86
		{6C0079E3-3EB1-4579-938D-8FB068177B8A}.Debug|ARM.ActiveCfg = Debug|ARM
		{6C0079E3-3EB1-4579-938D-8FB068177B8A}.Debug|ARM.Build.0 = Debug|ARM
		{6C0079E3-3EB1-4579-938D-8FB068177B8A}.Debug|ARM.Deploy.0 = Debug|ARM
		{6C0079E3-3EB1-4579-938D-8FB068177B8A}.Debug|ARM64.ActiveCfg = Debug|x86
		{6C0079E3-3EB1-4579-938D-8FB068177B8A}.Debug|iPhone.ActiveCfg = Debug|x86
		{6C0079E3-3EB1-4579-938D-8FB068177B8A}.Debug|iPhoneSimulator.ActiveCfg = Debug|x86
		{6C0079E3-3EB1-4579-938D-8FB068177B8A}.Debug|x64.ActiveCfg = Debug|x64
		{6C0079E3-3EB1-4579-938D-8FB068177B8A}.Debug|x64.Build.0 = Debug|x64
		{6C0079E3-3EB1-4579-938D-8FB068177B8A}.Debug|x64.Deploy.0 = Debug|x64
		{6C0079E3-3EB1-4579-938D-8FB068177B8A}.Debug|x86.ActiveCfg = Debug|x86
		{6C0079E3-3EB1-4579-938D-8FB068177B8A}.Debug|x86.Build.0 = Debug|x86
		{6C0079E3-3EB1-4579-938D-8FB068177B8A}.Debug|x86.Deploy.0 = Debug|x86
		{6C0079E3-3EB1-4579-938D-8FB068177B8A}.Release|Any CPU.ActiveCfg = Release|x86
		{6C0079E3-3EB1-4579-938D-8FB068177B8A}.Release|ARM.ActiveCfg = Release|ARM
		{6C0079E3-3EB1-4579-938D-8FB068177B8A}.Release|ARM.Build.0 = Release|ARM
		{6C0079E3-3EB1-4579-938D-8FB068177B8A}.Release|ARM.Deploy.0 = Release|ARM
		{6C0079E3-3EB1-4579-938D-8FB068177B8A}.Release|ARM64.ActiveCfg = Release|x86
		{6C0079E3-3EB1-4579-938D-8FB068177B8A}.Release|iPhone.ActiveCfg = Release|x86
		{6C0079E3-3EB1-4579-938D-8FB068177B8A}.Release|iPhoneSimulator.ActiveCfg = Release|x86
		{6C0079E3-3EB1-4579-938D-8FB068177B8A}.Release|x64.ActiveCfg = Release|x64
		{6C0079E3-3EB1-4579-938D-8FB068177B8A}.Release|x64.Build.0 = Release|x64
		{6C0079E3-3EB1-4579-938D-8FB068177B8A}.Release|x64.Deploy.0 = Release|x64
		{6C0079E3-3EB1-4579-938D-8FB068177B8A}.Release|x86.ActiveCfg = Release|x86
		{6C0079E3-3EB1-4579-938D-8FB068177B8A}.Release|x86.Build.0 = Release|x86
		{6C0079E3-3EB1-4579-938D-8FB068177B8A}.Release|x86.Deploy.0 = Release|x86
		{4137B67E-910B-43BE-AFAF-24D1C4A81DD6}.Ad-Hoc|Any CPU.ActiveCfg = Debug|Any CPU
		{4137B67E-910B-43BE-AFAF-24D1C4A81DD6}.Ad-Hoc|Any CPU.Build.0 = Debug|Any CPU
		{4137B67E-910B-43BE-AFAF-24D1C4A81DD6}.Ad-Hoc|ARM.ActiveCfg = Debug|Any CPU
		{4137B67E-910B-43BE-AFAF-24D1C4A81DD6}.Ad-Hoc|ARM.Build.0 = Debug|Any CPU
		{4137B67E-910B-43BE-AFAF-24D1C4A81DD6}.Ad-Hoc|ARM64.ActiveCfg = Release|Any CPU
		{4137B67E-910B-43BE-AFAF-24D1C4A81DD6}.Ad-Hoc|ARM64.Build.0 = Release|Any CPU
		{4137B67E-910B-43BE-AFAF-24D1C4A81DD6}.Ad-Hoc|iPhone.ActiveCfg = Debug|Any CPU
		{4137B67E-910B-43BE-AFAF-24D1C4A81DD6}.Ad-Hoc|iPhone.Build.0 = Debug|Any CPU
		{4137B67E-910B-43BE-AFAF-24D1C4A81DD6}.Ad-Hoc|iPhoneSimulator.ActiveCfg = Debug|Any CPU
		{4137B67E-910B-43BE-AFAF-24D1C4A81DD6}.Ad-Hoc|iPhoneSimulator.Build.0 = Debug|Any CPU
		{4137B67E-910B-43BE-AFAF-24D1C4A81DD6}.Ad-Hoc|x64.ActiveCfg = Debug|Any CPU
		{4137B67E-910B-43BE-AFAF-24D1C4A81DD6}.Ad-Hoc|x64.Build.0 = Debug|Any CPU
		{4137B67E-910B-43BE-AFAF-24D1C4A81DD6}.Ad-Hoc|x86.ActiveCfg = Debug|Any CPU
		{4137B67E-910B-43BE-AFAF-24D1C4A81DD6}.Ad-Hoc|x86.Build.0 = Debug|Any CPU
		{4137B67E-910B-43BE-AFAF-24D1C4A81DD6}.AppStore|Any CPU.ActiveCfg = Debug|Any CPU
		{4137B67E-910B-43BE-AFAF-24D1C4A81DD6}.AppStore|Any CPU.Build.0 = Debug|Any CPU
		{4137B67E-910B-43BE-AFAF-24D1C4A81DD6}.AppStore|ARM.ActiveCfg = Debug|Any CPU
		{4137B67E-910B-43BE-AFAF-24D1C4A81DD6}.AppStore|ARM.Build.0 = Debug|Any CPU
		{4137B67E-910B-43BE-AFAF-24D1C4A81DD6}.AppStore|ARM64.ActiveCfg = Release|Any CPU
		{4137B67E-910B-43BE-AFAF-24D1C4A81DD6}.AppStore|ARM64.Build.0 = Release|Any CPU
		{4137B67E-910B-43BE-AFAF-24D1C4A81DD6}.AppStore|iPhone.ActiveCfg = Debug|Any CPU
		{4137B67E-910B-43BE-AFAF-24D1C4A81DD6}.AppStore|iPhone.Build.0 = Debug|Any CPU
		{4137B67E-910B-43BE-AFAF-24D1C4A81DD6}.AppStore|iPhoneSimulator.ActiveCfg = Debug|Any CPU
		{4137B67E-910B-43BE-AFAF-24D1C4A81DD6}.AppStore|iPhoneSimulator.Build.0 = Debug|Any CPU
		{4137B67E-910B-43BE-AFAF-24D1C4A81DD6}.AppStore|x64.ActiveCfg = Debug|Any CPU
		{4137B67E-910B-43BE-AFAF-24D1C4A81DD6}.AppStore|x64.Build.0 = Debug|Any CPU
		{4137B67E-910B-43BE-AFAF-24D1C4A81DD6}.AppStore|x86.ActiveCfg = Debug|Any CPU
		{4137B67E-910B-43BE-AFAF-24D1C4A81DD6}.AppStore|x86.Build.0 = Debug|Any CPU
		{4137B67E-910B-43BE-AFAF-24D1C4A81DD6}.Debug|Any CPU.ActiveCfg = Debug|Any CPU
		{4137B67E-910B-43BE-AFAF-24D1C4A81DD6}.Debug|Any CPU.Build.0 = Debug|Any CPU
		{4137B67E-910B-43BE-AFAF-24D1C4A81DD6}.Debug|ARM.ActiveCfg = Debug|Any CPU
		{4137B67E-910B-43BE-AFAF-24D1C4A81DD6}.Debug|ARM.Build.0 = Debug|Any CPU
		{4137B67E-910B-43BE-AFAF-24D1C4A81DD6}.Debug|ARM64.ActiveCfg = Debug|Any CPU
		{4137B67E-910B-43BE-AFAF-24D1C4A81DD6}.Debug|ARM64.Build.0 = Debug|Any CPU
		{4137B67E-910B-43BE-AFAF-24D1C4A81DD6}.Debug|iPhone.ActiveCfg = Debug|Any CPU
		{4137B67E-910B-43BE-AFAF-24D1C4A81DD6}.Debug|iPhone.Build.0 = Debug|Any CPU
		{4137B67E-910B-43BE-AFAF-24D1C4A81DD6}.Debug|iPhoneSimulator.ActiveCfg = Debug|Any CPU
		{4137B67E-910B-43BE-AFAF-24D1C4A81DD6}.Debug|iPhoneSimulator.Build.0 = Debug|Any CPU
		{4137B67E-910B-43BE-AFAF-24D1C4A81DD6}.Debug|x64.ActiveCfg = Debug|Any CPU
		{4137B67E-910B-43BE-AFAF-24D1C4A81DD6}.Debug|x64.Build.0 = Debug|Any CPU
		{4137B67E-910B-43BE-AFAF-24D1C4A81DD6}.Debug|x86.ActiveCfg = Debug|Any CPU
		{4137B67E-910B-43BE-AFAF-24D1C4A81DD6}.Debug|x86.Build.0 = Debug|Any CPU
		{4137B67E-910B-43BE-AFAF-24D1C4A81DD6}.Release|Any CPU.ActiveCfg = Release|Any CPU
		{4137B67E-910B-43BE-AFAF-24D1C4A81DD6}.Release|Any CPU.Build.0 = Release|Any CPU
		{4137B67E-910B-43BE-AFAF-24D1C4A81DD6}.Release|ARM.ActiveCfg = Release|Any CPU
		{4137B67E-910B-43BE-AFAF-24D1C4A81DD6}.Release|ARM.Build.0 = Release|Any CPU
		{4137B67E-910B-43BE-AFAF-24D1C4A81DD6}.Release|ARM64.ActiveCfg = Release|Any CPU
		{4137B67E-910B-43BE-AFAF-24D1C4A81DD6}.Release|ARM64.Build.0 = Release|Any CPU
		{4137B67E-910B-43BE-AFAF-24D1C4A81DD6}.Release|iPhone.ActiveCfg = Release|Any CPU
		{4137B67E-910B-43BE-AFAF-24D1C4A81DD6}.Release|iPhone.Build.0 = Release|Any CPU
		{4137B67E-910B-43BE-AFAF-24D1C4A81DD6}.Release|iPhoneSimulator.ActiveCfg = Release|Any CPU
		{4137B67E-910B-43BE-AFAF-24D1C4A81DD6}.Release|iPhoneSimulator.Build.0 = Release|Any CPU
		{4137B67E-910B-43BE-AFAF-24D1C4A81DD6}.Release|x64.ActiveCfg = Release|Any CPU
		{4137B67E-910B-43BE-AFAF-24D1C4A81DD6}.Release|x64.Build.0 = Release|Any CPU
		{4137B67E-910B-43BE-AFAF-24D1C4A81DD6}.Release|x86.ActiveCfg = Release|Any CPU
		{4137B67E-910B-43BE-AFAF-24D1C4A81DD6}.Release|x86.Build.0 = Release|Any CPU
		{CC6BEC40-6418-4913-AEE7-09432A3A8E44}.Ad-Hoc|Any CPU.ActiveCfg = Debug|Any CPU
		{CC6BEC40-6418-4913-AEE7-09432A3A8E44}.Ad-Hoc|Any CPU.Build.0 = Debug|Any CPU
		{CC6BEC40-6418-4913-AEE7-09432A3A8E44}.Ad-Hoc|ARM.ActiveCfg = Debug|ARM
		{CC6BEC40-6418-4913-AEE7-09432A3A8E44}.Ad-Hoc|ARM.Build.0 = Debug|ARM
		{CC6BEC40-6418-4913-AEE7-09432A3A8E44}.Ad-Hoc|ARM64.ActiveCfg = Debug|ARM64
		{CC6BEC40-6418-4913-AEE7-09432A3A8E44}.Ad-Hoc|ARM64.Build.0 = Debug|ARM64
		{CC6BEC40-6418-4913-AEE7-09432A3A8E44}.Ad-Hoc|iPhone.ActiveCfg = Debug|Any CPU
		{CC6BEC40-6418-4913-AEE7-09432A3A8E44}.Ad-Hoc|iPhone.Build.0 = Debug|Any CPU
		{CC6BEC40-6418-4913-AEE7-09432A3A8E44}.Ad-Hoc|iPhoneSimulator.ActiveCfg = Debug|Any CPU
		{CC6BEC40-6418-4913-AEE7-09432A3A8E44}.Ad-Hoc|iPhoneSimulator.Build.0 = Debug|Any CPU
		{CC6BEC40-6418-4913-AEE7-09432A3A8E44}.Ad-Hoc|x64.ActiveCfg = Debug|x64
		{CC6BEC40-6418-4913-AEE7-09432A3A8E44}.Ad-Hoc|x64.Build.0 = Debug|x64
		{CC6BEC40-6418-4913-AEE7-09432A3A8E44}.Ad-Hoc|x86.ActiveCfg = Debug|x86
		{CC6BEC40-6418-4913-AEE7-09432A3A8E44}.Ad-Hoc|x86.Build.0 = Debug|x86
		{CC6BEC40-6418-4913-AEE7-09432A3A8E44}.AppStore|Any CPU.ActiveCfg = Debug|Any CPU
		{CC6BEC40-6418-4913-AEE7-09432A3A8E44}.AppStore|Any CPU.Build.0 = Debug|Any CPU
		{CC6BEC40-6418-4913-AEE7-09432A3A8E44}.AppStore|ARM.ActiveCfg = Debug|ARM
		{CC6BEC40-6418-4913-AEE7-09432A3A8E44}.AppStore|ARM.Build.0 = Debug|ARM
		{CC6BEC40-6418-4913-AEE7-09432A3A8E44}.AppStore|ARM64.ActiveCfg = Debug|ARM64
		{CC6BEC40-6418-4913-AEE7-09432A3A8E44}.AppStore|ARM64.Build.0 = Debug|ARM64
		{CC6BEC40-6418-4913-AEE7-09432A3A8E44}.AppStore|iPhone.ActiveCfg = Debug|Any CPU
		{CC6BEC40-6418-4913-AEE7-09432A3A8E44}.AppStore|iPhone.Build.0 = Debug|Any CPU
		{CC6BEC40-6418-4913-AEE7-09432A3A8E44}.AppStore|iPhoneSimulator.ActiveCfg = Debug|Any CPU
		{CC6BEC40-6418-4913-AEE7-09432A3A8E44}.AppStore|iPhoneSimulator.Build.0 = Debug|Any CPU
		{CC6BEC40-6418-4913-AEE7-09432A3A8E44}.AppStore|x64.ActiveCfg = Debug|x64
		{CC6BEC40-6418-4913-AEE7-09432A3A8E44}.AppStore|x64.Build.0 = Debug|x64
		{CC6BEC40-6418-4913-AEE7-09432A3A8E44}.AppStore|x86.ActiveCfg = Debug|x86
		{CC6BEC40-6418-4913-AEE7-09432A3A8E44}.AppStore|x86.Build.0 = Debug|x86
		{CC6BEC40-6418-4913-AEE7-09432A3A8E44}.Debug|Any CPU.ActiveCfg = Debug|Any CPU
		{CC6BEC40-6418-4913-AEE7-09432A3A8E44}.Debug|Any CPU.Build.0 = Debug|Any CPU
		{CC6BEC40-6418-4913-AEE7-09432A3A8E44}.Debug|ARM.ActiveCfg = Debug|ARM
		{CC6BEC40-6418-4913-AEE7-09432A3A8E44}.Debug|ARM.Build.0 = Debug|ARM
		{CC6BEC40-6418-4913-AEE7-09432A3A8E44}.Debug|ARM64.ActiveCfg = Debug|ARM64
		{CC6BEC40-6418-4913-AEE7-09432A3A8E44}.Debug|ARM64.Build.0 = Debug|ARM64
		{CC6BEC40-6418-4913-AEE7-09432A3A8E44}.Debug|iPhone.ActiveCfg = Debug|Any CPU
		{CC6BEC40-6418-4913-AEE7-09432A3A8E44}.Debug|iPhone.Build.0 = Debug|Any CPU
		{CC6BEC40-6418-4913-AEE7-09432A3A8E44}.Debug|iPhoneSimulator.ActiveCfg = Debug|Any CPU
		{CC6BEC40-6418-4913-AEE7-09432A3A8E44}.Debug|iPhoneSimulator.Build.0 = Debug|Any CPU
		{CC6BEC40-6418-4913-AEE7-09432A3A8E44}.Debug|x64.ActiveCfg = Debug|x64
		{CC6BEC40-6418-4913-AEE7-09432A3A8E44}.Debug|x64.Build.0 = Debug|x64
		{CC6BEC40-6418-4913-AEE7-09432A3A8E44}.Debug|x86.ActiveCfg = Debug|x86
		{CC6BEC40-6418-4913-AEE7-09432A3A8E44}.Debug|x86.Build.0 = Debug|x86
		{CC6BEC40-6418-4913-AEE7-09432A3A8E44}.Release|Any CPU.ActiveCfg = Release|Any CPU
		{CC6BEC40-6418-4913-AEE7-09432A3A8E44}.Release|Any CPU.Build.0 = Release|Any CPU
		{CC6BEC40-6418-4913-AEE7-09432A3A8E44}.Release|ARM.ActiveCfg = Release|ARM
		{CC6BEC40-6418-4913-AEE7-09432A3A8E44}.Release|ARM.Build.0 = Release|ARM
		{CC6BEC40-6418-4913-AEE7-09432A3A8E44}.Release|ARM64.ActiveCfg = Release|ARM64
		{CC6BEC40-6418-4913-AEE7-09432A3A8E44}.Release|ARM64.Build.0 = Release|ARM64
		{CC6BEC40-6418-4913-AEE7-09432A3A8E44}.Release|iPhone.ActiveCfg = Release|Any CPU
		{CC6BEC40-6418-4913-AEE7-09432A3A8E44}.Release|iPhone.Build.0 = Release|Any CPU
		{CC6BEC40-6418-4913-AEE7-09432A3A8E44}.Release|iPhoneSimulator.ActiveCfg = Release|Any CPU
		{CC6BEC40-6418-4913-AEE7-09432A3A8E44}.Release|iPhoneSimulator.Build.0 = Release|Any CPU
		{CC6BEC40-6418-4913-AEE7-09432A3A8E44}.Release|x64.ActiveCfg = Release|x64
		{CC6BEC40-6418-4913-AEE7-09432A3A8E44}.Release|x64.Build.0 = Release|x64
		{CC6BEC40-6418-4913-AEE7-09432A3A8E44}.Release|x86.ActiveCfg = Release|x86
		{CC6BEC40-6418-4913-AEE7-09432A3A8E44}.Release|x86.Build.0 = Release|x86
	EndGlobalSection
	GlobalSection(SolutionProperties) = preSolution
		HideSolutionNode = FALSE
	EndGlobalSection
	GlobalSection(ExtensibilityGlobals) = postSolution
		SolutionGuid = {88164BBF-6B7B-49A8-9CA6-A315FBF3A588}
	EndGlobalSection
EndGlobal
